{
  "lockfileVersion": 1,
  "workspaces": {
    "": {
      "dependencies": {
        "@clickhouse/client": "^1.11.1",
        "crypto": "^1.0.1",
        "nanoid": "^5.1.5",
        "uuid": "^11.1.0",
      },
    },
  },
  "packages": {
    "@clickhouse/client": ["@clickhouse/client@1.11.1", "", { "dependencies": { "@clickhouse/client-common": "1.11.1" } }, "sha512-u9h++h72SmWystijNqfNvMkfA+5+Y1LNfmLL/odCL3VgI3oyAPP9ubSw/Yrt2zRZkLKehMMD1kuOej0QHbSoBA=="],

    "@clickhouse/client-common": ["@clickhouse/client-common@1.11.1", "", {}, "sha512-bme0le2yhDSAh13d2fxhSW5ZrNoVqZ3LTyac8jK6hNH0qkksXnjYkLS6KQalPU6NMpffxHmpI4+/Gi2MnX0NCA=="],

    "crypto": ["crypto@1.0.1", "", {}, "sha512-VxBKmeNcqQdiUQUW2Tzq0t377b54N2bMtXO/qiLa+6eRRmmC4qT3D4OnTGoT/U6O9aklQ/jTwbOtRMTTY8G0Ig=="],

    "nanoid": ["nanoid@5.1.5", "", { "bin": { "nanoid": "bin/nanoid.js" } }, "sha512-Ir/+ZpE9fDsNH0hQ3C68uyThDXzYcim2EqcZ8zn8Chtt1iylPT9xXJB0kPCnqzgcEGikO9RxSrh63MsmVCU7Fw=="],

    "uuid": ["uuid@11.1.0", "", { "bin": { "uuid": "dist/esm/bin/uuid" } }, "sha512-0/A9rDy9P7cJ+8w1c9WD9V//9Wj15Ce2MPz8Ri6032usz+NfePxx5AcN3bN+r6ZL6jEo066/yNYB3tn4pQEx+A=="],
  }
}
